
Microsoft Visual Studio Solution File, Format Version 12.00
# Visual Studio Version 16
VisualStudioVersion = 16.0.28917.181
MinimumVisualStudioVersion = 10.0.40219.1
Project("{FAE04EC0-301F-11D3-BF4B-00C04F79EFBC}") = "AwSW-Repeater", "AwSW-Repeater\AwSW-Repeater.csproj", "{1145C388-2EDC-49FA-8243-C6DFA8F63994}"
EndProject
Global
	GlobalSection(SolutionConfigurationPlatforms) = preSolution
		Debug|Any CPU = Debug|Any CPU
		Release|Any CPU = Release|Any CPU
	EndGlobalSection
	GlobalSection(ProjectConfigurationPlatforms) = postSolution
		{1145C388-2EDC-49FA-8243-C6DFA8F63994}.Debug|Any CPU.ActiveCfg = Debug|Any CPU
		{1145C388-2EDC-49FA-8243-C6DFA8F63994}.Debug|Any CPU.Build.0 = Debug|Any CPU
		{1145C388-2EDC-49FA-8243-C6DFA8F63994}.Release|Any CPU.ActiveCfg = Release|Any CPU
		{1145C388-2EDC-49FA-8243-C6DFA8F63994}.Release|Any CPU.Build.0 = Release|Any CPU
	EndGlobalSection
	GlobalSection(SolutionProperties) = preSolution
		HideSolutionNode = FALSE
	EndGlobalSection
	GlobalSection(ExtensibilityGlobals) = postSolution
		SolutionGuid = {932618AC-AF05-4794-A5CE-6BDF63569449}
	EndGlobalSection
EndGlobal
